
Microsoft Visual Studio Solution File, Format Version 12.00
# Visual Studio 15
VisualStudioVersion = 15.0.27130.2026
MinimumVisualStudioVersion = 10.0.40219.1
Project("{FAE04EC0-301F-11D3-BF4B-00C04F79EFBC}") = "MultiNotes.Server.ObjectModel", "MultiNotes.Server.ObjectModel\MultiNotes.Server.ObjectModel.csproj", "{3EED6CBC-7A1D-40F3-A0D0-7EB373564D9B}"
EndProject
Project("{9A19103F-16F7-4668-BE54-9A1E7A4F7556}") = "MultiNotes.Server.Api", "MultiNotes.Server.Api\MultiNotes.Server.Api.csproj", "{B60FBAF9-F650-41D6-9863-A4ADF23D4BE9}"
EndProject
Project("{FAE04EC0-301F-11D3-BF4B-00C04F79EFBC}") = "MultiNotes.Server.Services", "MultiNotes.Server.Services\MultiNotes.Server.Services.csproj", "{1EF8A156-62E6-4902-87B2-3C7DE0024298}"
EndProject
Global
	GlobalSection(SolutionConfigurationPlatforms) = preSolution
		Debug|Any CPU = Debug|Any CPU
		Release|Any CPU = Release|Any CPU
	EndGlobalSection
	GlobalSection(ProjectConfigurationPlatforms) = postSolution
		{3EED6CBC-7A1D-40F3-A0D0-7EB373564D9B}.Debug|Any CPU.ActiveCfg = Debug|Any CPU
		{3EED6CBC-7A1D-40F3-A0D0-7EB373564D9B}.Debug|Any CPU.Build.0 = Debug|Any CPU
		{3EED6CBC-7A1D-40F3-A0D0-7EB373564D9B}.Release|Any CPU.ActiveCfg = Release|Any CPU
		{3EED6CBC-7A1D-40F3-A0D0-7EB373564D9B}.Release|Any CPU.Build.0 = Release|Any CPU
		{B60FBAF9-F650-41D6-9863-A4ADF23D4BE9}.Debug|Any CPU.ActiveCfg = Debug|Any CPU
		{B60FBAF9-F650-41D6-9863-A4ADF23D4BE9}.Debug|Any CPU.Build.0 = Debug|Any CPU
		{B60FBAF9-F650-41D6-9863-A4ADF23D4BE9}.Release|Any CPU.ActiveCfg = Release|Any CPU
		{B60FBAF9-F650-41D6-9863-A4ADF23D4BE9}.Release|Any CPU.Build.0 = Release|Any CPU
		{1EF8A156-62E6-4902-87B2-3C7DE0024298}.Debug|Any CPU.ActiveCfg = Debug|Any CPU
		{1EF8A156-62E6-4902-87B2-3C7DE0024298}.Debug|Any CPU.Build.0 = Debug|Any CPU
		{1EF8A156-62E6-4902-87B2-3C7DE0024298}.Release|Any CPU.ActiveCfg = Release|Any CPU
		{1EF8A156-62E6-4902-87B2-3C7DE0024298}.Release|Any CPU.Build.0 = Release|Any CPU
	EndGlobalSection
	GlobalSection(SolutionProperties) = preSolution
		HideSolutionNode = FALSE
	EndGlobalSection
	GlobalSection(ExtensibilityGlobals) = postSolution
		SolutionGuid = {8F21E31F-6696-41E8-A377-B6C07D17643B}
	EndGlobalSection
EndGlobal
